
Microsoft Visual Studio Solution File, Format Version 12.00
# Visual Studio Version 17
VisualStudioVersion = 17.5.33414.496
MinimumVisualStudioVersion = 10.0.40219.1
Project("{8BC9CEB8-8B4A-11D0-8D11-00A0C91BC942}") = "caffeinate", "caffeinate.vcxproj", "{C2F88D41-7E25-4187-A463-5A5763F3430C}"
EndProject
Global
	GlobalSection(SolutionConfigurationPlatforms) = preSolution
		Debug|x64 = Debug|x64
		Debug|x86 = Debug|x86
		Release|x64 = Release|x64
		Release|x86 = Release|x86
	EndGlobalSection
	GlobalSection(ProjectConfigurationPlatforms) = postSolution
		{C2F88D41-7E25-4187-A463-5A5763F3430C}.Debug|x64.ActiveCfg = Debug|x64
		{C2F88D41-7E25-4187-A463-5A5763F3430C}.Debug|x64.Build.0 = Debug|x64
		{C2F88D41-7E25-4187-A463-5A5763F3430C}.Debug|x86.ActiveCfg = Debug|Win32
		{C2F88D41-7E25-4187-A463-5A5763F3430C}.Debug|x86.Build.0 = Debug|Win32
		{C2F88D41-7E25-4187-A463-5A5763F3430C}.Release|x64.ActiveCfg = Release|x64
		{C2F88D41-7E25-4187-A463-5A5763F3430C}.Release|x64.Build.0 = Release|x64
		{C2F88D41-7E25-4187-A463-5A5763F3430C}.Release|x86.ActiveCfg = Release|Win32
		{C2F88D41-7E25-4187-A463-5A5763F3430C}.Release|x86.Build.0 = Release|Win32
	EndGlobalSection
	GlobalSection(SolutionProperties) = preSolution
		HideSolutionNode = FALSE
	EndGlobalSection
	GlobalSection(ExtensibilityGlobals) = postSolution
		SolutionGuid = {50983C61-E0E0-4590-8DBB-A680EEC6380D}
	EndGlobalSection
EndGlobal
